
Microsoft Visual Studio Solution File, Format Version 12.00
# Visual Studio Version 16
VisualStudioVersion = 16.0.30503.244
MinimumVisualStudioVersion = 10.0.40219.1
Project("{FAE04EC0-301F-11D3-BF4B-00C04F79EFBC}") = "Recursion", "Recursion\Recursion.csproj", "{4C2D7CF8-84DE-4BFD-A801-240204E3DCB8}"
EndProject
Global
	GlobalSection(SolutionConfigurationPlatforms) = preSolution
		Debug|Any CPU = Debug|Any CPU
		Release|Any CPU = Release|Any CPU
	EndGlobalSection
	GlobalSection(ProjectConfigurationPlatforms) = postSolution
		{4C2D7CF8-84DE-4BFD-A801-240204E3DCB8}.Debug|Any CPU.ActiveCfg = Debug|Any CPU
		{4C2D7CF8-84DE-4BFD-A801-240204E3DCB8}.Debug|Any CPU.Build.0 = Debug|Any CPU
		{4C2D7CF8-84DE-4BFD-A801-240204E3DCB8}.Release|Any CPU.ActiveCfg = Release|Any CPU
		{4C2D7CF8-84DE-4BFD-A801-240204E3DCB8}.Release|Any CPU.Build.0 = Release|Any CPU
	EndGlobalSection
	GlobalSection(SolutionProperties) = preSolution
		HideSolutionNode = FALSE
	EndGlobalSection
	GlobalSection(ExtensibilityGlobals) = postSolution
		SolutionGuid = {C787D4D4-A378-49A6-B181-8DA8EAE7A3FB}
	EndGlobalSection
EndGlobal
